// !$*UTF8*$!
{
	archiveVersion = 1;
	classes = {
	};
	objectVersion = 50;
	objects = {

/* Begin PBXBuildFile section */
		94D60692210AB4C700598E99 /* AppDelegate.swift in Sources */ = {isa = PBXBuildFile; fileRef = 94D60691210AB4C700598E99 /* AppDelegate.swift */; };
		94D60694210AB4C700598E99 /* ViewController.swift in Sources */ = {isa = PBXBuildFile; fileRef = 94D60693210AB4C700598E99 /* ViewController.swift */; };
		94D60697210AB4C700598E99 /* Main.storyboard in Resources */ = {isa = PBXBuildFile; fileRef = 94D60695210AB4C700598E99 /* Main.storyboard */; };
		94D60699210AB4C900598E99 /* Assets.xcassets in Resources */ = {isa = PBXBuildFile; fileRef = 94D60698210AB4C900598E99 /* Assets.xcassets */; };
		94D6069C210AB4C900598E99 /* LaunchScreen.storyboard in Resources */ = {isa = PBXBuildFile; fileRef = 94D6069A210AB4C900598E99 /* LaunchScreen.storyboard */; };
		94D606A4210AB5B600598E99 /* View2Controller.swift in Sources */ = {isa = PBXBuildFile; fileRef = 94D606A3210AB5B600598E99 /* View2Controller.swift */; };
/* End PBXBuildFile section */

/* Begin PBXFileReference section */
		94D6068E210AB4C700598E99 /* SlideUp.app */ = {isa = PBXFileReference; explicitFileType = wrapper.application; includeInIndex = 0; path = SlideUp.app; sourceTree = BUILT_PRODUCTS_DIR; };
		94D60691210AB4C700598E99 /* AppDelegate.swift */ = {isa = PBXFileReference; lastKnownFileType = sourcecode.swift; path = AppDelegate.swift; sourceTree = "<group>"; };
		94D60693210AB4C700598E99 /* ViewController.swift */ = {isa = PBXFileReference; lastKnownFileType = sourcecode.swift; path = ViewController.swift; sourceTree = "<group>"; };
		94D60696210AB4C700598E99 /* Base */ = {isa = PBXFileReference; lastKnownFileType = file.storyboard; name = Base; path = Base.lproj/Main.storyboard; sourceTree = "<group>"; };
		94D60698210AB4C900598E99 /* Assets.xcassets */ = {isa = PBXFileReference; lastKnownFileType = folder.assetcatalog; path = Assets.xcassets; sourceTree = "<group>"; };
		94D6069B210AB4C900598E99 /* Base */ = {isa = PBXFileReference; lastKnownFileType = file.storyboard; name = Base; path = Base.lproj/LaunchScreen.storyboard; sourceTree = "<group>"; };
		94D6069D210AB4C900598E99 /* Info.plist */ = {isa = PBXFileReference; lastKnownFileType = text.plist.xml; path = Info.plist; sourceTree = "<group>"; };
		94D606A3210AB5B600598E99 /* View2Controller.swift */ = {isa = PBXFileReference; lastKnownFileType = sourcecode.swift; path = View2Controller.swift; sourceTree = "<group>"; };
/* End PBXFileReference section */

/* Begin PBXFrameworksBuildPhase section */
		94D6068B210AB4C700598E99 /* Frameworks */ = {
			isa = PBXFrameworksBuildPhase;
			buildActionMask = 2147483647;
			files = (
			);
			runOnlyForDeploymentPostprocessing = 0;
		};
/* End PBXFrameworksBuildPhase section */

/* Begin PBXGroup section */
		94D60685210AB4C700598E99 = {
			isa = PBXGroup;
			children = (
				94D60690210AB4C700598E99 /* SlideUp */,
				94D6068F210AB4C700598E99 /* Products */,
			);
			sourceTree = "<group>";
		};
		94D6068F210AB4C700598E99 /* Products */ = {
			isa = PBXGroup;
			children = (
				94D6068E210AB4C700598E99 /* SlideUp.app */,
			);
			name = Products;
			sourceTree = "<group>";
		};
		94D60690210AB4C700598E99 /* SlideUp */ = {
			isa = PBXGroup;
			children = (
				94D60691210AB4C700598E99 /* AppDelegate.swift */,
				94D60693210AB4C700598E99 /* ViewController.swift */,
				94D60695210AB4C700598E99 /* Main.storyboard */,
				94D60698210AB4C900598E99 /* Assets.xcassets */,
				94D6069A210AB4C900598E99 /* LaunchScreen.storyboard */,
				94D6069D210AB4C900598E99 /* Info.plist */,
				94D606A3210AB5B600598E99 /* View2Controller.swift */,
			);
			path = SlideUp;
			sourceTree = "<group>";
		};
/* End PBXGroup section */

/* Begin PBXNativeTarget section */
		94D6068D210AB4C700598E99 /* SlideUp */ = {
			isa = PBXNativeTarget;
			buildConfigurationList = 94D606A0210AB4C900598E99 /* Build configuration list for PBXNativeTarget "SlideUp" */;
			buildPhases = (
				94D6068A210AB4C700598E99 /* Sources */,
				94D6068B210AB4C700598E99 /* Frameworks */,
				94D6068C210AB4C700598E99 /* Resources */,
			);
			buildRules = (
			);
			dependencies = (
			);
			name = SlideUp;
			productName = SlideUp;
			productReference = 94D6068E210AB4C700598E99 /* SlideUp.app */;
			productType = "com.apple.product-type.application";
		};
/* End PBXNativeTarget section */

/* Begin PBXProject section */
		94D60686210AB4C700598E99 /* Project object */ = {
			isa = PBXProject;
			attributes = {
				LastSwiftUpdateCheck = 0940;
				LastUpgradeCheck = 0940;
				ORGANIZATIONNAME = "Yun CHEN";
				TargetAttributes = {
					94D6068D210AB4C700598E99 = {
						CreatedOnToolsVersion = 9.4.1;
					};
				};
			};
			buildConfigurationList = 94D60689210AB4C700598E99 /* Build configuration list for PBXProject "SlideUp" */;
			compatibilityVersion = "Xcode 9.3";
			developmentRegion = en;
			hasScannedForEncodings = 0;
			knownRegions = (
				en,
				Base,
			);
			mainGroup = 94D60685210AB4C700598E99;
			productRefGroup = 94D6068F210AB4C700598E99 /* Products */;
			projectDirPath = "";
			projectRoot = "";
			targets = (
				94D6068D210AB4C700598E99 /* SlideUp */,
			);
		};
/* End PBXProject section */

/* Begin PBXResourcesBuildPhase section */
		94D6068C210AB4C700598E99 /* Resources */ = {
			isa = PBXResourcesBuildPhase;
			buildActionMask = 2147483647;
			files = (
				94D6069C210AB4C900598E99 /* LaunchScreen.storyboard in Resources */,
				94D60699210AB4C900598E99 /* Assets.xcassets in Resources */,
				94D60697210AB4C700598E99 /* Main.storyboard in Resources */,
			);
			runOnlyForDeploymentPostprocessing = 0;
		};
/* End PBXResourcesBuildPhase section */

/* Begin PBXSourcesBuildPhase section */
		94D6068A210AB4C700598E99 /* Sources */ = {
			isa = PBXSourcesBuildPhase;
			buildActionMask = 2147483647;
			files = (
				94D60694210AB4C700598E99 /* ViewController.swift in Sources */,
				94D606A4210AB5B600598E99 /* View2Controller.swift in Sources */,
				94D60692210AB4C700598E99 /* AppDelegate.swift in Sources */,
			);
			runOnlyForDeploymentPostprocessing = 0;
		};
/* End PBXSourcesBuildPhase section */

/* Begin PBXVariantGroup section */
		94D60695210AB4C700598E99 /* Main.storyboard */ = {
			isa = PBXVariantGroup;
			children = (
				94D60696210AB4C700598E99 /* Base */,
			);
			name = Main.storyboard;
			sourceTree = "<group>";
		};
		94D6069A210AB4C900598E99 /* LaunchScreen.storyboard */ = {
			isa = PBXVariantGroup;
			children = (
				94D6069B210AB4C900598E99 /* Base */,
			);
			name = LaunchScreen.storyboard;
			sourceTree = "<group>";
		};
/* End PBXVariantGroup section */

/* Begin XCBuildConfiguration section */
		94D6069E210AB4C900598E99 /* Debug */ = {
			isa = XCBuildConfiguration;
			buildSettings = {
				ALWAYS_SEARCH_USER_PATHS = NO;
				CLANG_ANALYZER_NONNULL = YES;
				CLANG_ANALYZER_NUMBER_OBJECT_CONVERSION = YES_AGGRESSIVE;
				CLANG_CXX_LANGUAGE_STANDARD = "gnu++14";
				CLANG_CXX_LIBRARY = "libc++";
				CLANG_ENABLE_MODULES = YES;
				CLANG_ENABLE_OBJC_ARC = YES;
				CLANG_ENABLE_OBJC_WEAK = YES;
				CLANG_WARN_BLOCK_CAPTURE_AUTORELEASING = YES;
				CLANG_WARN_BOOL_CONVERSION = YES;
				CLANG_WARN_COMMA = YES;
				CLANG_WARN_CONSTANT_CONVERSION = YES;
				CLANG_WARN_DEPRECATED_OBJC_IMPLEMENTATIONS = YES;
				CLANG_WARN_DIRECT_OBJC_ISA_USAGE = YES_ERROR;
				CLANG_WARN_DOCUMENTATION_COMMENTS = YES;
				CLANG_WARN_EMPTY_BODY = YES;
				CLANG_WARN_ENUM_CONVERSION = YES;
				CLANG_WARN_INFINITE_RECURSION = YES;
				CLANG_WARN_INT_CONVERSION = YES;
				CLANG_WARN_NON_LITERAL_NULL_CONVERSION = YES;
				CLANG_WARN_OBJC_IMPLICIT_RETAIN_SELF = YES;
				CLANG_WARN_OBJC_LITERAL_CONVERSION = YES;
				CLANG_WARN_OBJC_ROOT_CLASS = YES_ERROR;
				CLANG_WARN_RANGE_LOOP_ANALYSIS = YES;
				CLANG_WARN_STRICT_PROTOTYPES = YES;
				CLANG_WARN_SUSPICIOUS_MOVE = YES;
				CLANG_WARN_UNGUARDED_AVAILABILITY = YES_AGGRESSIVE;
				CLANG_WARN_UNREACHABLE_CODE = YES;
				CLANG_WARN__DUPLICATE_METHOD_MATCH = YES;
				CODE_SIGN_IDENTITY = "iPhone Developer";
				COPY_PHASE_STRIP = NO;
				DEBUG_INFORMATION_FORMAT = dwarf;
				ENABLE_STRICT_OBJC_MSGSEND = YES;
				ENABLE_TESTABILITY = YES;
				GCC_C_LANGUAGE_STANDARD = gnu11;
				GCC_DYNAMIC_NO_PIC = NO;
				GCC_NO_COMMON_BLOCKS = YES;
				GCC_OPTIMIZATION_LEVEL = 0;
				GCC_PREPROCESSOR_DEFINITIONS = (
					"DEBUG=1",
					"$(inherited)",
				);
				GCC_WARN_64_TO_32_BIT_CONVERSION = YES;
				GCC_WARN_ABOUT_RETURN_TYPE = YES_ERROR;
				GCC_WARN_UNDECLARED_SELECTOR = YES;
				GCC_WARN_UNINITIALIZED_AUTOS = YES_AGGRESSIVE;
				GCC_WARN_UNUSED_FUNCTION = YES;
				GCC_WARN_UNUSED_VARIABLE = YES;
				IPHONEOS_DEPLOYMENT_TARGET = 11.4;
				MTL_ENABLE_DEBUG_INFO = YES;
				ONLY_ACTIVE_ARCH = YES;
				SDKROOT = iphoneos;
				SWIFT_ACTIVE_COMPILATION_CONDITIONS = DEBUG;
				SWIFT_OPTIMIZATION_LEVEL = "-Onone";
			};
			name = Debug;
		};
		94D6069F210AB4C900598E99 /* Release */ = {
			isa = XCBuildConfiguration;
			buildSettings = {
				ALWAYS_SEARCH_USER_PATHS = NO;
				CLANG_ANALYZER_NONNULL = YES;
				CLANG_ANALYZER_NUMBER_OBJECT_CONVERSION = YES_AGGRESSIVE;
				CLANG_CXX_LANGUAGE_STANDARD = "gnu++14";
				CLANG_CXX_LIBRARY = "libc++";
				CLANG_ENABLE_MODULES = YES;
				CLANG_ENABLE_OBJC_ARC = YES;
				CLANG_ENABLE_OBJC_WEAK = YES;
				CLANG_WARN_BLOCK_CAPTURE_AUTORELEASING = YES;
				CLANG_WARN_BOOL_CONVERSION = YES;
				CLANG_WARN_COMMA = YES;
				CLANG_WARN_CONSTANT_CONVERSION = YES;
				CLANG_WARN_DEPRECATED_OBJC_IMPLEMENTATIONS = YES;
				CLANG_WARN_DIRECT_OBJC_ISA_USAGE = YES_ERROR;
				CLANG_WARN_DOCUMENTATION_COMMENTS = YES;
				CLANG_WARN_EMPTY_BODY = YES;
				CLANG_WARN_ENUM_CONVERSION = YES;
				CLANG_WARN_INFINITE_RECURSION = YES;
				CLANG_WARN_INT_CONVERSION = YES;
				CLANG_WARN_NON_LITERAL_NULL_CONVERSION = YES;
				CLANG_WARN_OBJC_IMPLICIT_RETAIN_SELF = YES;
				CLANG_WARN_OBJC_LITERAL_CONVERSION = YES;
				CLANG_WARN_OBJC_ROOT_CLASS = YES_ERROR;
				CLANG_WARN_RANGE_LOOP_ANALYSIS = YES;
				CLANG_WARN_STRICT_PROTOTYPES = YES;
				CLANG_WARN_SUSPICIOUS_MOVE = YES;
				CLANG_WARN_UNGUARDED_AVAILABILITY = YES_AGGRESSIVE;
				CLANG_WARN_UNREACHABLE_CODE = YES;
				CLANG_WARN__DUPLICATE_METHOD_MATCH = YES;
				CODE_SIGN_IDENTITY = "iPhone Developer";
				COPY_PHASE_STRIP = NO;
				DEBUG_INFORMATION_FORMAT = "dwarf-with-dsym";
				ENABLE_NS_ASSERTIONS = NO;
				ENABLE_STRICT_OBJC_MSGSEND = YES;
				GCC_C_LANGUAGE_STANDARD = gnu11;
				GCC_NO_COMMON_BLOCKS = YES;
				GCC_WARN_64_TO_32_BIT_CONVERSION = YES;
				GCC_WARN_ABOUT_RETURN_TYPE = YES_ERROR;
				GCC_WARN_UNDECLARED_SELECTOR = YES;
				GCC_WARN_UNINITIALIZED_AUTOS = YES_AGGRESSIVE;
				GCC_WARN_UNUSED_FUNCTION = YES;
				GCC_WARN_UNUSED_VARIABLE = YES;
				IPHONEOS_DEPLOYMENT_TARGET = 11.4;
				MTL_ENABLE_DEBUG_INFO = NO;
				SDKROOT = iphoneos;
				SWIFT_COMPILATION_MODE = wholemodule;
				SWIFT_OPTIMIZATION_LEVEL = "-O";
				VALIDATE_PRODUCT = YES;
			};
			name = Release;
		};
		94D606A1210AB4C900598E99 /* Debug */ = {
			isa = XCBuildConfiguration;
			buildSettings = {
				ASSETCATALOG_COMPILER_APPICON_NAME = AppIcon;
				CODE_SIGN_STYLE = Automatic;
				DEVELOPMENT_TEAM = 4TCW3KT5AU;
				INFOPLIST_FILE = SlideUp/Info.plist;
				IPHONEOS_DEPLOYMENT_TARGET = 11.0;
				LD_RUNPATH_SEARCH_PATHS = (
					"$(inherited)",
					"@executable_path/Frameworks",
				);
				PRODUCT_BUNDLE_IDENTIFIER = yunchen.com.SlideUp;
				PRODUCT_NAME = "$(TARGET_NAME)";
				SWIFT_VERSION = 4.0;
				TARGETED_DEVICE_FAMILY = "1,2";
			};
			name = Debug;
		};
		94D606A2210AB4C900598E99 /* Release */ = {
			isa = XCBuildConfiguration;
			buildSettings = {
				ASSETCATALOG_COMPILER_APPICON_NAME = AppIcon;
				CODE_SIGN_STYLE = Automatic;
				DEVELOPMENT_TEAM = 4TCW3KT5AU;
				INFOPLIST_FILE = SlideUp/Info.plist;
				IPHONEOS_DEPLOYMENT_TARGET = 11.0;
				LD_RUNPATH_SEARCH_PATHS = (
					"$(inherited)",
					"@executable_path/Frameworks",
				);
				PRODUCT_BUNDLE_IDENTIFIER = yunchen.com.SlideUp;
				PRODUCT_NAME = "$(TARGET_NAME)";
				SWIFT_VERSION = 4.0;
				TARGETED_DEVICE_FAMILY = "1,2";
			};
			name = Release;
		};
/* End XCBuildConfiguration section */

/* Begin XCConfigurationList section */
		94D60689210AB4C700598E99 /* Build configuration list for PBXProject "SlideUp" */ = {
			isa = XCConfigurationList;
			buildConfigurations = (
				94D6069E210AB4C900598E99 /* Debug */,
				94D6069F210AB4C900598E99 /* Release */,
			);
			defaultConfigurationIsVisible = 0;
			defaultConfigurationName = Release;
		};
		94D606A0210AB4C900598E99 /* Build configuration list for PBXNativeTarget "SlideUp" */ = {
			isa = XCConfigurationList;
			buildConfigurations = (
				94D606A1210AB4C900598E99 /* Debug */,
				94D606A2210AB4C900598E99 /* Release */,
			);
			defaultConfigurationIsVisible = 0;
			defaultConfigurationName = Release;
		};
/* End XCConfigurationList section */
	};
	rootObject = 94D60686210AB4C700598E99 /* Project object */;
}
